
Microsoft Visual Studio Solution File, Format Version 12.00
# Visual Studio Version 16
VisualStudioVersion = 16.0.32413.511
MinimumVisualStudioVersion = 10.0.40219.1
Project("{FAE04EC0-301F-11D3-BF4B-00C04F79EFBC}") = "HelloWorld", "HelloWorld\HelloWorld.csproj", "{296E91DA-311B-48D0-B774-14162486082D}"
EndProject
Global
	GlobalSection(SolutionConfigurationPlatforms) = preSolution
		Debug|Any CPU = Debug|Any CPU
		Release|Any CPU = Release|Any CPU
	EndGlobalSection
	GlobalSection(ProjectConfigurationPlatforms) = postSolution
		{296E91DA-311B-48D0-B774-14162486082D}.Debug|Any CPU.ActiveCfg = Debug|Any CPU
		{296E91DA-311B-48D0-B774-14162486082D}.Debug|Any CPU.Build.0 = Debug|Any CPU
		{296E91DA-311B-48D0-B774-14162486082D}.Release|Any CPU.ActiveCfg = Release|Any CPU
		{296E91DA-311B-48D0-B774-14162486082D}.Release|Any CPU.Build.0 = Release|Any CPU
	EndGlobalSection
	GlobalSection(SolutionProperties) = preSolution
		HideSolutionNode = FALSE
	EndGlobalSection
	GlobalSection(ExtensibilityGlobals) = postSolution
		SolutionGuid = {55DF68DF-B9BF-4A3D-9BF9-652502CF6E81}
	EndGlobalSection
EndGlobal
