
Microsoft Visual Studio Solution File, Format Version 12.00
# Visual Studio Version 17
VisualStudioVersion = 17.1.32414.318
MinimumVisualStudioVersion = 10.0.40219.1
Project("{9A19103F-16F7-4668-BE54-9A1E7A4F7556}") = "ConsoleApp", "ConsoleApp\ConsoleApp.csproj", "{BBB0CD43-436D-49C3-9242-00B0FEA6480C}"
EndProject
Project("{9A19103F-16F7-4668-BE54-9A1E7A4F7556}") = "ConsoleApp1", "ConsoleApp1\ConsoleApp1.csproj", "{E91A4F34-2D0C-46DD-B76C-D3CB760F6558}"
EndProject
Project("{9A19103F-16F7-4668-BE54-9A1E7A4F7556}") = "InterfaceDemo", "InterfaceDemo\InterfaceDemo.csproj", "{4F071C71-8DFD-468C-9EC2-67A2DDE63BC2}"
EndProject
Project("{9A19103F-16F7-4668-BE54-9A1E7A4F7556}") = "InterfaceDemo.UnitTests", "InterfaceDemo.UnitTests\InterfaceDemo.UnitTests.csproj", "{D420B05A-BFCA-45A1-8616-E66556C39798}"
EndProject
Project("{9A19103F-16F7-4668-BE54-9A1E7A4F7556}") = "控制反转与依赖注入", "控制反转与依赖注入\控制反转与依赖注入.csproj", "{BAEBE8C7-07D0-4A72-B06C-8AD2B228796C}"
EndProject
Project("{FAE04EC0-301F-11D3-BF4B-00C04F79EFBC}") = "多重继承vs多重实现", "多重继承vs多重实现\多重继承vs多重实现.csproj", "{DC74B3D5-0152-47C2-8993-BE0B9E7AA5CB}"
EndProject
Project("{FAE04EC0-301F-11D3-BF4B-00C04F79EFBC}") = "接口与多态", "接口与多态\接口与多态.csproj", "{38FAEB89-D65B-4493-B824-F4D9DDA851CE}"
EndProject
Project("{FAE04EC0-301F-11D3-BF4B-00C04F79EFBC}") = "结构体Sructs", "结构体Sructs\结构体Sructs.csproj", "{B478DE19-F1EF-47C3-890A-70A6502CFB1D}"
EndProject
Project("{FAE04EC0-301F-11D3-BF4B-00C04F79EFBC}") = "枚举Enums", "枚举Enums\枚举Enums.csproj", "{5C1AEBC8-BEB4-4592-AB52-211C22E3353E}"
EndProject
Project("{FAE04EC0-301F-11D3-BF4B-00C04F79EFBC}") = "泛型Generics", "泛型Generics\泛型Generics.csproj", "{C5F1DA7F-31FE-4B85-838F-3B1B89D42223}"
EndProject
Global
	GlobalSection(SolutionConfigurationPlatforms) = preSolution
		Debug|Any CPU = Debug|Any CPU
		Release|Any CPU = Release|Any CPU
	EndGlobalSection
	GlobalSection(ProjectConfigurationPlatforms) = postSolution
		{BBB0CD43-436D-49C3-9242-00B0FEA6480C}.Debug|Any CPU.ActiveCfg = Debug|Any CPU
		{BBB0CD43-436D-49C3-9242-00B0FEA6480C}.Debug|Any CPU.Build.0 = Debug|Any CPU
		{BBB0CD43-436D-49C3-9242-00B0FEA6480C}.Release|Any CPU.ActiveCfg = Release|Any CPU
		{BBB0CD43-436D-49C3-9242-00B0FEA6480C}.Release|Any CPU.Build.0 = Release|Any CPU
		{E91A4F34-2D0C-46DD-B76C-D3CB760F6558}.Debug|Any CPU.ActiveCfg = Debug|Any CPU
		{E91A4F34-2D0C-46DD-B76C-D3CB760F6558}.Debug|Any CPU.Build.0 = Debug|Any CPU
		{E91A4F34-2D0C-46DD-B76C-D3CB760F6558}.Release|Any CPU.ActiveCfg = Release|Any CPU
		{E91A4F34-2D0C-46DD-B76C-D3CB760F6558}.Release|Any CPU.Build.0 = Release|Any CPU
		{4F071C71-8DFD-468C-9EC2-67A2DDE63BC2}.Debug|Any CPU.ActiveCfg = Debug|Any CPU
		{4F071C71-8DFD-468C-9EC2-67A2DDE63BC2}.Debug|Any CPU.Build.0 = Debug|Any CPU
		{4F071C71-8DFD-468C-9EC2-67A2DDE63BC2}.Release|Any CPU.ActiveCfg = Release|Any CPU
		{4F071C71-8DFD-468C-9EC2-67A2DDE63BC2}.Release|Any CPU.Build.0 = Release|Any CPU
		{D420B05A-BFCA-45A1-8616-E66556C39798}.Debug|Any CPU.ActiveCfg = Debug|Any CPU
		{D420B05A-BFCA-45A1-8616-E66556C39798}.Debug|Any CPU.Build.0 = Debug|Any CPU
		{D420B05A-BFCA-45A1-8616-E66556C39798}.Release|Any CPU.ActiveCfg = Release|Any CPU
		{D420B05A-BFCA-45A1-8616-E66556C39798}.Release|Any CPU.Build.0 = Release|Any CPU
		{BAEBE8C7-07D0-4A72-B06C-8AD2B228796C}.Debug|Any CPU.ActiveCfg = Debug|Any CPU
		{BAEBE8C7-07D0-4A72-B06C-8AD2B228796C}.Debug|Any CPU.Build.0 = Debug|Any CPU
		{BAEBE8C7-07D0-4A72-B06C-8AD2B228796C}.Release|Any CPU.ActiveCfg = Release|Any CPU
		{BAEBE8C7-07D0-4A72-B06C-8AD2B228796C}.Release|Any CPU.Build.0 = Release|Any CPU
		{DC74B3D5-0152-47C2-8993-BE0B9E7AA5CB}.Debug|Any CPU.ActiveCfg = Debug|Any CPU
		{DC74B3D5-0152-47C2-8993-BE0B9E7AA5CB}.Debug|Any CPU.Build.0 = Debug|Any CPU
		{DC74B3D5-0152-47C2-8993-BE0B9E7AA5CB}.Release|Any CPU.ActiveCfg = Release|Any CPU
		{DC74B3D5-0152-47C2-8993-BE0B9E7AA5CB}.Release|Any CPU.Build.0 = Release|Any CPU
		{38FAEB89-D65B-4493-B824-F4D9DDA851CE}.Debug|Any CPU.ActiveCfg = Debug|Any CPU
		{38FAEB89-D65B-4493-B824-F4D9DDA851CE}.Debug|Any CPU.Build.0 = Debug|Any CPU
		{38FAEB89-D65B-4493-B824-F4D9DDA851CE}.Release|Any CPU.ActiveCfg = Release|Any CPU
		{38FAEB89-D65B-4493-B824-F4D9DDA851CE}.Release|Any CPU.Build.0 = Release|Any CPU
		{B478DE19-F1EF-47C3-890A-70A6502CFB1D}.Debug|Any CPU.ActiveCfg = Debug|Any CPU
		{B478DE19-F1EF-47C3-890A-70A6502CFB1D}.Debug|Any CPU.Build.0 = Debug|Any CPU
		{B478DE19-F1EF-47C3-890A-70A6502CFB1D}.Release|Any CPU.ActiveCfg = Release|Any CPU
		{B478DE19-F1EF-47C3-890A-70A6502CFB1D}.Release|Any CPU.Build.0 = Release|Any CPU
		{5C1AEBC8-BEB4-4592-AB52-211C22E3353E}.Debug|Any CPU.ActiveCfg = Debug|Any CPU
		{5C1AEBC8-BEB4-4592-AB52-211C22E3353E}.Debug|Any CPU.Build.0 = Debug|Any CPU
		{5C1AEBC8-BEB4-4592-AB52-211C22E3353E}.Release|Any CPU.ActiveCfg = Release|Any CPU
		{5C1AEBC8-BEB4-4592-AB52-211C22E3353E}.Release|Any CPU.Build.0 = Release|Any CPU
		{C5F1DA7F-31FE-4B85-838F-3B1B89D42223}.Debug|Any CPU.ActiveCfg = Debug|Any CPU
		{C5F1DA7F-31FE-4B85-838F-3B1B89D42223}.Debug|Any CPU.Build.0 = Debug|Any CPU
		{C5F1DA7F-31FE-4B85-838F-3B1B89D42223}.Release|Any CPU.ActiveCfg = Release|Any CPU
		{C5F1DA7F-31FE-4B85-838F-3B1B89D42223}.Release|Any CPU.Build.0 = Release|Any CPU
	EndGlobalSection
	GlobalSection(SolutionProperties) = preSolution
		HideSolutionNode = FALSE
	EndGlobalSection
	GlobalSection(ExtensibilityGlobals) = postSolution
		SolutionGuid = {2860898F-BDA2-4F96-84C0-42E1C6E6C472}
	EndGlobalSection
EndGlobal
