
Microsoft Visual Studio Solution File, Format Version 12.00
# Visual Studio Version 16
VisualStudioVersion = 16.0.32413.511
MinimumVisualStudioVersion = 10.0.40219.1
Project("{FAE04EC0-301F-11D3-BF4B-00C04F79EFBC}") = "ConsoleApp", "ConsoleApp\ConsoleApp.csproj", "{BBB0CD43-436D-49C3-9242-00B0FEA6480C}"
EndProject
Project("{FAE04EC0-301F-11D3-BF4B-00C04F79EFBC}") = "ConsoleApp1", "ConsoleApp1\ConsoleApp1.csproj", "{E91A4F34-2D0C-46DD-B76C-D3CB760F6558}"
EndProject
Project("{FAE04EC0-301F-11D3-BF4B-00C04F79EFBC}") = "InterfaceDemo", "InterfaceDemo\InterfaceDemo.csproj", "{4F071C71-8DFD-468C-9EC2-67A2DDE63BC2}"
EndProject
Project("{FAE04EC0-301F-11D3-BF4B-00C04F79EFBC}") = "InterfaceDemo.UnitTests", "InterfaceDemo.UnitTests\InterfaceDemo.UnitTests.csproj", "{D420B05A-BFCA-45A1-8616-E66556C39798}"
EndProject
Global
	GlobalSection(SolutionConfigurationPlatforms) = preSolution
		Debug|Any CPU = Debug|Any CPU
		Release|Any CPU = Release|Any CPU
	EndGlobalSection
	GlobalSection(ProjectConfigurationPlatforms) = postSolution
		{BBB0CD43-436D-49C3-9242-00B0FEA6480C}.Debug|Any CPU.ActiveCfg = Debug|Any CPU
		{BBB0CD43-436D-49C3-9242-00B0FEA6480C}.Debug|Any CPU.Build.0 = Debug|Any CPU
		{BBB0CD43-436D-49C3-9242-00B0FEA6480C}.Release|Any CPU.ActiveCfg = Release|Any CPU
		{BBB0CD43-436D-49C3-9242-00B0FEA6480C}.Release|Any CPU.Build.0 = Release|Any CPU
		{E91A4F34-2D0C-46DD-B76C-D3CB760F6558}.Debug|Any CPU.ActiveCfg = Debug|Any CPU
		{E91A4F34-2D0C-46DD-B76C-D3CB760F6558}.Debug|Any CPU.Build.0 = Debug|Any CPU
		{E91A4F34-2D0C-46DD-B76C-D3CB760F6558}.Release|Any CPU.ActiveCfg = Release|Any CPU
		{E91A4F34-2D0C-46DD-B76C-D3CB760F6558}.Release|Any CPU.Build.0 = Release|Any CPU
		{4F071C71-8DFD-468C-9EC2-67A2DDE63BC2}.Debug|Any CPU.ActiveCfg = Debug|Any CPU
		{4F071C71-8DFD-468C-9EC2-67A2DDE63BC2}.Debug|Any CPU.Build.0 = Debug|Any CPU
		{4F071C71-8DFD-468C-9EC2-67A2DDE63BC2}.Release|Any CPU.ActiveCfg = Release|Any CPU
		{4F071C71-8DFD-468C-9EC2-67A2DDE63BC2}.Release|Any CPU.Build.0 = Release|Any CPU
		{D420B05A-BFCA-45A1-8616-E66556C39798}.Debug|Any CPU.ActiveCfg = Debug|Any CPU
		{D420B05A-BFCA-45A1-8616-E66556C39798}.Debug|Any CPU.Build.0 = Debug|Any CPU
		{D420B05A-BFCA-45A1-8616-E66556C39798}.Release|Any CPU.ActiveCfg = Release|Any CPU
		{D420B05A-BFCA-45A1-8616-E66556C39798}.Release|Any CPU.Build.0 = Release|Any CPU
	EndGlobalSection
	GlobalSection(SolutionProperties) = preSolution
		HideSolutionNode = FALSE
	EndGlobalSection
	GlobalSection(ExtensibilityGlobals) = postSolution
		SolutionGuid = {2860898F-BDA2-4F96-84C0-42E1C6E6C472}
	EndGlobalSection
EndGlobal
