
Microsoft Visual Studio Solution File, Format Version 12.00
# Visual Studio Version 17
VisualStudioVersion = 17.1.32414.318
MinimumVisualStudioVersion = 10.0.40219.1
Project("{FAE04EC0-301F-11D3-BF4B-00C04F79EFBC}") = "自定义事件", "自定义事件\自定义事件.csproj", "{C1CEF0EC-8198-4E16-9C3D-33299186FEB5}"
EndProject
Global
	GlobalSection(SolutionConfigurationPlatforms) = preSolution
		Debug|Any CPU = Debug|Any CPU
		Release|Any CPU = Release|Any CPU
	EndGlobalSection
	GlobalSection(ProjectConfigurationPlatforms) = postSolution
		{C1CEF0EC-8198-4E16-9C3D-33299186FEB5}.Debug|Any CPU.ActiveCfg = Debug|Any CPU
		{C1CEF0EC-8198-4E16-9C3D-33299186FEB5}.Debug|Any CPU.Build.0 = Debug|Any CPU
		{C1CEF0EC-8198-4E16-9C3D-33299186FEB5}.Release|Any CPU.ActiveCfg = Release|Any CPU
		{C1CEF0EC-8198-4E16-9C3D-33299186FEB5}.Release|Any CPU.Build.0 = Release|Any CPU
	EndGlobalSection
	GlobalSection(SolutionProperties) = preSolution
		HideSolutionNode = FALSE
	EndGlobalSection
	GlobalSection(ExtensibilityGlobals) = postSolution
		SolutionGuid = {B954DD7B-9818-45C5-80A8-66E9E095A9C8}
	EndGlobalSection
EndGlobal
