
Microsoft Visual Studio Solution File, Format Version 12.00
# Visual Studio Version 16
VisualStudioVersion = 16.0.32413.511
MinimumVisualStudioVersion = 10.0.40219.1
Project("{FAE04EC0-301F-11D3-BF4B-00C04F79EFBC}") = "CMS", "CMS\CMS.csproj", "{7EE176C6-5FB0-4FB3-8CD8-C4C8AAF26275}"
EndProject
Global
	GlobalSection(SolutionConfigurationPlatforms) = preSolution
		Debug|Any CPU = Debug|Any CPU
		Release|Any CPU = Release|Any CPU
	EndGlobalSection
	GlobalSection(ProjectConfigurationPlatforms) = postSolution
		{7EE176C6-5FB0-4FB3-8CD8-C4C8AAF26275}.Debug|Any CPU.ActiveCfg = Debug|Any CPU
		{7EE176C6-5FB0-4FB3-8CD8-C4C8AAF26275}.Debug|Any CPU.Build.0 = Debug|Any CPU
		{7EE176C6-5FB0-4FB3-8CD8-C4C8AAF26275}.Release|Any CPU.ActiveCfg = Release|Any CPU
		{7EE176C6-5FB0-4FB3-8CD8-C4C8AAF26275}.Release|Any CPU.Build.0 = Release|Any CPU
	EndGlobalSection
	GlobalSection(SolutionProperties) = preSolution
		HideSolutionNode = FALSE
	EndGlobalSection
	GlobalSection(ExtensibilityGlobals) = postSolution
		SolutionGuid = {8B982056-48EE-4B21-AD31-A468F7A88A6B}
	EndGlobalSection
EndGlobal
