
Microsoft Visual Studio Solution File, Format Version 12.00
# Visual Studio Version 17
VisualStudioVersion = 17.1.32414.318
MinimumVisualStudioVersion = 10.0.40219.1
Project("{FAE04EC0-301F-11D3-BF4B-00C04F79EFBC}") = "预定义事件", "预定义事件\预定义事件.csproj", "{8E700205-45E6-4C89-88A3-F641C0F9DCED}"
EndProject
Global
	GlobalSection(SolutionConfigurationPlatforms) = preSolution
		Debug|Any CPU = Debug|Any CPU
		Release|Any CPU = Release|Any CPU
	EndGlobalSection
	GlobalSection(ProjectConfigurationPlatforms) = postSolution
		{8E700205-45E6-4C89-88A3-F641C0F9DCED}.Debug|Any CPU.ActiveCfg = Debug|Any CPU
		{8E700205-45E6-4C89-88A3-F641C0F9DCED}.Debug|Any CPU.Build.0 = Debug|Any CPU
		{8E700205-45E6-4C89-88A3-F641C0F9DCED}.Release|Any CPU.ActiveCfg = Release|Any CPU
		{8E700205-45E6-4C89-88A3-F641C0F9DCED}.Release|Any CPU.Build.0 = Release|Any CPU
	EndGlobalSection
	GlobalSection(SolutionProperties) = preSolution
		HideSolutionNode = FALSE
	EndGlobalSection
	GlobalSection(ExtensibilityGlobals) = postSolution
		SolutionGuid = {88CE4E0A-F6FF-43FC-9A51-AC15AF02DF40}
	EndGlobalSection
EndGlobal
